
Microsoft Visual Studio Solution File, Format Version 12.00
# Visual Studio Version 17
VisualStudioVersion = 17.0.31903.59
MinimumVisualStudioVersion = 10.0.40219.1
Project("{FAE04EC0-301F-11D3-BF4B-00C04F79EFBC}") = "ASC.Business", "ASC.Business\ASC.Business.csproj", "{898EC8DC-BEDC-414C-830A-D6B1CEC7EAE5}"
EndProject
Project("{FAE04EC0-301F-11D3-BF4B-00C04F79EFBC}") = "ASC.DataAccess", "ASC.DataAccess\ASC.DataAccess.csproj", "{F2DFE1E0-45EA-4372-8C7F-23E29359560E}"
EndProject
Project("{FAE04EC0-301F-11D3-BF4B-00C04F79EFBC}") = "ASC.Model", "ASC.Model\ASC.Model.csproj", "{E1F63E14-A9BC-42FE-BA66-E9CD4158CC41}"
EndProject
Project("{FAE04EC0-301F-11D3-BF4B-00C04F79EFBC}") = "ASC.Utilities", "ASC.Utilities\ASC.Utilities.csproj", "{F6D46286-125D-407A-89C4-DCF8F413CFD6}"
EndProject
Project("{FAE04EC0-301F-11D3-BF4B-00C04F79EFBC}") = "ASC.Tests", "ASC.Tests\ASC.Tests.csproj", "{45F88214-6C54-42F6-B7BD-6AB160FBC507}"
EndProject
Project("{FAE04EC0-301F-11D3-BF4B-00C04F79EFBC}") = "ASC.Web", "ASC.Web\ASC.Web.csproj", "{2CE5915D-6546-4F5B-A62B-75069EB2BC9D}"
EndProject
Global
	GlobalSection(SolutionConfigurationPlatforms) = preSolution
		Debug|Any CPU = Debug|Any CPU
		Debug|x64 = Debug|x64
		Debug|x86 = Debug|x86
		Release|Any CPU = Release|Any CPU
		Release|x64 = Release|x64
		Release|x86 = Release|x86
	EndGlobalSection
	GlobalSection(ProjectConfigurationPlatforms) = postSolution
		{898EC8DC-BEDC-414C-830A-D6B1CEC7EAE5}.Debug|Any CPU.ActiveCfg = Debug|Any CPU
		{898EC8DC-BEDC-414C-830A-D6B1CEC7EAE5}.Debug|Any CPU.Build.0 = Debug|Any CPU
		{898EC8DC-BEDC-414C-830A-D6B1CEC7EAE5}.Debug|x64.ActiveCfg = Debug|Any CPU
		{898EC8DC-BEDC-414C-830A-D6B1CEC7EAE5}.Debug|x64.Build.0 = Debug|Any CPU
		{898EC8DC-BEDC-414C-830A-D6B1CEC7EAE5}.Debug|x86.ActiveCfg = Debug|Any CPU
		{898EC8DC-BEDC-414C-830A-D6B1CEC7EAE5}.Debug|x86.Build.0 = Debug|Any CPU
		{898EC8DC-BEDC-414C-830A-D6B1CEC7EAE5}.Release|Any CPU.ActiveCfg = Release|Any CPU
		{898EC8DC-BEDC-414C-830A-D6B1CEC7EAE5}.Release|Any CPU.Build.0 = Release|Any CPU
		{898EC8DC-BEDC-414C-830A-D6B1CEC7EAE5}.Release|x64.ActiveCfg = Release|Any CPU
		{898EC8DC-BEDC-414C-830A-D6B1CEC7EAE5}.Release|x64.Build.0 = Release|Any CPU
		{898EC8DC-BEDC-414C-830A-D6B1CEC7EAE5}.Release|x86.ActiveCfg = Release|Any CPU
		{898EC8DC-BEDC-414C-830A-D6B1CEC7EAE5}.Release|x86.Build.0 = Release|Any CPU
		{F2DFE1E0-45EA-4372-8C7F-23E29359560E}.Debug|Any CPU.ActiveCfg = Debug|Any CPU
		{F2DFE1E0-45EA-4372-8C7F-23E29359560E}.Debug|Any CPU.Build.0 = Debug|Any CPU
		{F2DFE1E0-45EA-4372-8C7F-23E29359560E}.Debug|x64.ActiveCfg = Debug|Any CPU
		{F2DFE1E0-45EA-4372-8C7F-23E29359560E}.Debug|x64.Build.0 = Debug|Any CPU
		{F2DFE1E0-45EA-4372-8C7F-23E29359560E}.Debug|x86.ActiveCfg = Debug|Any CPU
		{F2DFE1E0-45EA-4372-8C7F-23E29359560E}.Debug|x86.Build.0 = Debug|Any CPU
		{F2DFE1E0-45EA-4372-8C7F-23E29359560E}.Release|Any CPU.ActiveCfg = Release|Any CPU
		{F2DFE1E0-45EA-4372-8C7F-23E29359560E}.Release|Any CPU.Build.0 = Release|Any CPU
		{F2DFE1E0-45EA-4372-8C7F-23E29359560E}.Release|x64.ActiveCfg = Release|Any CPU
		{F2DFE1E0-45EA-4372-8C7F-23E29359560E}.Release|x64.Build.0 = Release|Any CPU
		{F2DFE1E0-45EA-4372-8C7F-23E29359560E}.Release|x86.ActiveCfg = Release|Any CPU
		{F2DFE1E0-45EA-4372-8C7F-23E29359560E}.Release|x86.Build.0 = Release|Any CPU
		{E1F63E14-A9BC-42FE-BA66-E9CD4158CC41}.Debug|Any CPU.ActiveCfg = Debug|Any CPU
		{E1F63E14-A9BC-42FE-BA66-E9CD4158CC41}.Debug|Any CPU.Build.0 = Debug|Any CPU
		{E1F63E14-A9BC-42FE-BA66-E9CD4158CC41}.Debug|x64.ActiveCfg = Debug|Any CPU
		{E1F63E14-A9BC-42FE-BA66-E9CD4158CC41}.Debug|x64.Build.0 = Debug|Any CPU
		{E1F63E14-A9BC-42FE-BA66-E9CD4158CC41}.Debug|x86.ActiveCfg = Debug|Any CPU
		{E1F63E14-A9BC-42FE-BA66-E9CD4158CC41}.Debug|x86.Build.0 = Debug|Any CPU
		{E1F63E14-A9BC-42FE-BA66-E9CD4158CC41}.Release|Any CPU.ActiveCfg = Release|Any CPU
		{E1F63E14-A9BC-42FE-BA66-E9CD4158CC41}.Release|Any CPU.Build.0 = Release|Any CPU
		{E1F63E14-A9BC-42FE-BA66-E9CD4158CC41}.Release|x64.ActiveCfg = Release|Any CPU
		{E1F63E14-A9BC-42FE-BA66-E9CD4158CC41}.Release|x64.Build.0 = Release|Any CPU
		{E1F63E14-A9BC-42FE-BA66-E9CD4158CC41}.Release|x86.ActiveCfg = Release|Any CPU
		{E1F63E14-A9BC-42FE-BA66-E9CD4158CC41}.Release|x86.Build.0 = Release|Any CPU
		{F6D46286-125D-407A-89C4-DCF8F413CFD6}.Debug|Any CPU.ActiveCfg = Debug|Any CPU
		{F6D46286-125D-407A-89C4-DCF8F413CFD6}.Debug|Any CPU.Build.0 = Debug|Any CPU
		{F6D46286-125D-407A-89C4-DCF8F413CFD6}.Debug|x64.ActiveCfg = Debug|Any CPU
		{F6D46286-125D-407A-89C4-DCF8F413CFD6}.Debug|x64.Build.0 = Debug|Any CPU
		{F6D46286-125D-407A-89C4-DCF8F413CFD6}.Debug|x86.ActiveCfg = Debug|Any CPU
		{F6D46286-125D-407A-89C4-DCF8F413CFD6}.Debug|x86.Build.0 = Debug|Any CPU
		{F6D46286-125D-407A-89C4-DCF8F413CFD6}.Release|Any CPU.ActiveCfg = Release|Any CPU
		{F6D46286-125D-407A-89C4-DCF8F413CFD6}.Release|Any CPU.Build.0 = Release|Any CPU
		{F6D46286-125D-407A-89C4-DCF8F413CFD6}.Release|x64.ActiveCfg = Release|Any CPU
		{F6D46286-125D-407A-89C4-DCF8F413CFD6}.Release|x64.Build.0 = Release|Any CPU
		{F6D46286-125D-407A-89C4-DCF8F413CFD6}.Release|x86.ActiveCfg = Release|Any CPU
		{F6D46286-125D-407A-89C4-DCF8F413CFD6}.Release|x86.Build.0 = Release|Any CPU
		{45F88214-6C54-42F6-B7BD-6AB160FBC507}.Debug|Any CPU.ActiveCfg = Debug|Any CPU
		{45F88214-6C54-42F6-B7BD-6AB160FBC507}.Debug|Any CPU.Build.0 = Debug|Any CPU
		{45F88214-6C54-42F6-B7BD-6AB160FBC507}.Debug|x64.ActiveCfg = Debug|Any CPU
		{45F88214-6C54-42F6-B7BD-6AB160FBC507}.Debug|x64.Build.0 = Debug|Any CPU
		{45F88214-6C54-42F6-B7BD-6AB160FBC507}.Debug|x86.ActiveCfg = Debug|Any CPU
		{45F88214-6C54-42F6-B7BD-6AB160FBC507}.Debug|x86.Build.0 = Debug|Any CPU
		{45F88214-6C54-42F6-B7BD-6AB160FBC507}.Release|Any CPU.ActiveCfg = Release|Any CPU
		{45F88214-6C54-42F6-B7BD-6AB160FBC507}.Release|Any CPU.Build.0 = Release|Any CPU
		{45F88214-6C54-42F6-B7BD-6AB160FBC507}.Release|x64.ActiveCfg = Release|Any CPU
		{45F88214-6C54-42F6-B7BD-6AB160FBC507}.Release|x64.Build.0 = Release|Any CPU
		{45F88214-6C54-42F6-B7BD-6AB160FBC507}.Release|x86.ActiveCfg = Release|Any CPU
		{45F88214-6C54-42F6-B7BD-6AB160FBC507}.Release|x86.Build.0 = Release|Any CPU
		{2CE5915D-6546-4F5B-A62B-75069EB2BC9D}.Debug|Any CPU.ActiveCfg = Debug|Any CPU
		{2CE5915D-6546-4F5B-A62B-75069EB2BC9D}.Debug|Any CPU.Build.0 = Debug|Any CPU
		{2CE5915D-6546-4F5B-A62B-75069EB2BC9D}.Debug|x64.ActiveCfg = Debug|Any CPU
		{2CE5915D-6546-4F5B-A62B-75069EB2BC9D}.Debug|x64.Build.0 = Debug|Any CPU
		{2CE5915D-6546-4F5B-A62B-75069EB2BC9D}.Debug|x86.ActiveCfg = Debug|Any CPU
		{2CE5915D-6546-4F5B-A62B-75069EB2BC9D}.Debug|x86.Build.0 = Debug|Any CPU
		{2CE5915D-6546-4F5B-A62B-75069EB2BC9D}.Release|Any CPU.ActiveCfg = Release|Any CPU
		{2CE5915D-6546-4F5B-A62B-75069EB2BC9D}.Release|Any CPU.Build.0 = Release|Any CPU
		{2CE5915D-6546-4F5B-A62B-75069EB2BC9D}.Release|x64.ActiveCfg = Release|Any CPU
		{2CE5915D-6546-4F5B-A62B-75069EB2BC9D}.Release|x64.Build.0 = Release|Any CPU
		{2CE5915D-6546-4F5B-A62B-75069EB2BC9D}.Release|x86.ActiveCfg = Release|Any CPU
		{2CE5915D-6546-4F5B-A62B-75069EB2BC9D}.Release|x86.Build.0 = Release|Any CPU
	EndGlobalSection
	GlobalSection(SolutionProperties) = preSolution
		HideSolutionNode = FALSE
	EndGlobalSection
EndGlobal
